
Microsoft Visual Studio Solution File, Format Version 12.00
# Visual Studio Version 16
VisualStudioVersion = 16.0.30717.126
MinimumVisualStudioVersion = 10.0.40219.1
Project("{9A19103F-16F7-4668-BE54-9A1E7A4F7556}") = "CSharpe.Benchmarks", "CSharpe.Benchmarks\CSharpe.Benchmarks.csproj", "{36338C43-8647-4619-A5AD-479FDC1C5307}"
EndProject
Project("{FAE04EC0-301F-11D3-BF4B-00C04F79EFBC}") = "CSharpe", "CSharpe\CSharpe.csproj", "{A20A9F8B-4EAF-4A2D-9B84-998EC91E7F52}"
EndProject
Global
	GlobalSection(SolutionConfigurationPlatforms) = preSolution
		Debug|Any CPU = Debug|Any CPU
		Release|Any CPU = Release|Any CPU
	EndGlobalSection
	GlobalSection(ProjectConfigurationPlatforms) = postSolution
		{36338C43-8647-4619-A5AD-479FDC1C5307}.Debug|Any CPU.ActiveCfg = Debug|Any CPU
		{36338C43-8647-4619-A5AD-479FDC1C5307}.Debug|Any CPU.Build.0 = Debug|Any CPU
		{36338C43-8647-4619-A5AD-479FDC1C5307}.Release|Any CPU.ActiveCfg = Release|Any CPU
		{36338C43-8647-4619-A5AD-479FDC1C5307}.Release|Any CPU.Build.0 = Release|Any CPU
		{A20A9F8B-4EAF-4A2D-9B84-998EC91E7F52}.Debug|Any CPU.ActiveCfg = Debug|Any CPU
		{A20A9F8B-4EAF-4A2D-9B84-998EC91E7F52}.Debug|Any CPU.Build.0 = Debug|Any CPU
		{A20A9F8B-4EAF-4A2D-9B84-998EC91E7F52}.Release|Any CPU.ActiveCfg = Release|Any CPU
		{A20A9F8B-4EAF-4A2D-9B84-998EC91E7F52}.Release|Any CPU.Build.0 = Release|Any CPU
	EndGlobalSection
	GlobalSection(SolutionProperties) = preSolution
		HideSolutionNode = FALSE
	EndGlobalSection
	GlobalSection(ExtensibilityGlobals) = postSolution
		SolutionGuid = {C5B3610A-C40F-42DE-B8EB-088958EA1196}
	EndGlobalSection
EndGlobal
